// !$*UTF8*$!
{
	archiveVersion = 1;
	classes = {
	};
	objectVersion = 46;
	objects = {

/* Begin PBXBuildFile section */
		1133515C1D9704C8008DA783 /* PPEGridCell.m in Sources */ = {isa = PBXBuildFile; fileRef = 113351531D9704C8008DA783 /* PPEGridCell.m */; };
		1133515D1D9704C8008DA783 /* PPEGridHeaderCell.m in Sources */ = {isa = PBXBuildFile; fileRef = 113351561D9704C8008DA783 /* PPEGridHeaderCell.m */; };
		1133515E1D9704C8008DA783 /* PPEGridHeaderCell.xib in Resources */ = {isa = PBXBuildFile; fileRef = 113351571D9704C8008DA783 /* PPEGridHeaderCell.xib */; };
		1133515F1D9704C8008DA783 /* PPEGridTextFieldCell.mm in Sources */ = {isa = PBXBuildFile; fileRef = 1133515A1D9704C8008DA783 /* PPEGridTextFieldCell.mm */; };
		113351601D9704C8008DA783 /* PPEGridTextFieldCell.xib in Resources */ = {isa = PBXBuildFile; fileRef = 1133515B1D9704C8008DA783 /* PPEGridTextFieldCell.xib */; };
		113351631D970965008DA783 /* NSObject+Utilities.m in Sources */ = {isa = PBXBuildFile; fileRef = 113351621D970965008DA783 /* NSObject+Utilities.m */; };
		113351671D970BA9008DA783 /* PPEGridSwitchCell.m in Sources */ = {isa = PBXBuildFile; fileRef = 113351661D970BA9008DA783 /* PPEGridSwitchCell.m */; };
		113351691D970BBB008DA783 /* PPEGridSwitchCell.xib in Resources */ = {isa = PBXBuildFile; fileRef = 113351681D970BBB008DA783 /* PPEGridSwitchCell.xib */; };
		1133516C1D9711D8008DA783 /* NSString+Utilities.m in Sources */ = {isa = PBXBuildFile; fileRef = 1133516B1D9711D8008DA783 /* NSString+Utilities.m */; };
		113351751D971606008DA783 /* PPEGridHeader.m in Sources */ = {isa = PBXBuildFile; fileRef = 1133516F1D971606008DA783 /* PPEGridHeader.m */; };
		113351761D971606008DA783 /* PPEGridHeader.xib in Resources */ = {isa = PBXBuildFile; fileRef = 113351701D971606008DA783 /* PPEGridHeader.xib */; };
		113351771D971606008DA783 /* PPEGridRow.mm in Sources */ = {isa = PBXBuildFile; fileRef = 113351731D971606008DA783 /* PPEGridRow.mm */; };
		113351781D971606008DA783 /* PPEGridRow.xib in Resources */ = {isa = PBXBuildFile; fileRef = 113351741D971606008DA783 /* PPEGridRow.xib */; };
		1133517C1D971B14008DA783 /* PPEEditableGrid.m in Sources */ = {isa = PBXBuildFile; fileRef = 1133517A1D971B14008DA783 /* PPEEditableGrid.m */; };
		1133517D1D971B14008DA783 /* PPEEditableGrid.xib in Resources */ = {isa = PBXBuildFile; fileRef = 1133517B1D971B14008DA783 /* PPEEditableGrid.xib */; };
		11C225071D95C66200F5C392 /* main.m in Sources */ = {isa = PBXBuildFile; fileRef = 11C225061D95C66200F5C392 /* main.m */; };
		11C2250A1D95C66200F5C392 /* PPEAppDelegate.m in Sources */ = {isa = PBXBuildFile; fileRef = 11C225091D95C66200F5C392 /* PPEAppDelegate.m */; };
		11C2250D1D95C66200F5C392 /* PPEViewController.m in Sources */ = {isa = PBXBuildFile; fileRef = 11C2250C1D95C66200F5C392 /* PPEViewController.m */; };
		11C225101D95C66200F5C392 /* Main.storyboard in Resources */ = {isa = PBXBuildFile; fileRef = 11C2250E1D95C66200F5C392 /* Main.storyboard */; };
		11C225121D95C66200F5C392 /* Assets.xcassets in Resources */ = {isa = PBXBuildFile; fileRef = 11C225111D95C66200F5C392 /* Assets.xcassets */; };
		11C225151D95C66200F5C392 /* LaunchScreen.storyboard in Resources */ = {isa = PBXBuildFile; fileRef = 11C225131D95C66200F5C392 /* LaunchScreen.storyboard */; };
		11C225271D95CE4B00F5C392 /* PPECollectionViewCell.m in Sources */ = {isa = PBXBuildFile; fileRef = 11C225201D95CE4B00F5C392 /* PPECollectionViewCell.m */; };
		11C225281D95CE4B00F5C392 /* PPETableViewCell.m in Sources */ = {isa = PBXBuildFile; fileRef = 11C225231D95CE4B00F5C392 /* PPETableViewCell.m */; };
		11C225291D95CE4B00F5C392 /* PPETableViewHeaderFooterView.m in Sources */ = {isa = PBXBuildFile; fileRef = 11C225261D95CE4B00F5C392 /* PPETableViewHeaderFooterView.m */; };
		11C225361D95CFFA00F5C392 /* NSObject+NibLoading.m in Sources */ = {isa = PBXBuildFile; fileRef = 11C2252D1D95CFFA00F5C392 /* NSObject+NibLoading.m */; };
		11C225371D95CFFA00F5C392 /* NSObject+Properties.m in Sources */ = {isa = PBXBuildFile; fileRef = 11C2252F1D95CFFA00F5C392 /* NSObject+Properties.m */; };
		11C225381D95CFFA00F5C392 /* NSString+Validation.m in Sources */ = {isa = PBXBuildFile; fileRef = 11C225321D95CFFA00F5C392 /* NSString+Validation.m */; };
		11C225391D95CFFA00F5C392 /* UIView+Frames.m in Sources */ = {isa = PBXBuildFile; fileRef = 11C225351D95CFFA00F5C392 /* UIView+Frames.m */; };
		11C2253D1D95D22800F5C392 /* PPEGridColumnModel.m in Sources */ = {isa = PBXBuildFile; fileRef = 11C2253C1D95D22800F5C392 /* PPEGridColumnModel.m */; };
		11C225421D95D9DA00F5C392 /* columns.json in Resources */ = {isa = PBXBuildFile; fileRef = 11C225411D95D9DA00F5C392 /* columns.json */; };
		11C225451D95DC3C00F5C392 /* PPEDataObject.m in Sources */ = {isa = PBXBuildFile; fileRef = 11C225441D95DC3C00F5C392 /* PPEDataObject.m */; };
/* End PBXBuildFile section */

/* Begin PBXFileReference section */
		113351521D9704C8008DA783 /* PPEGridCell.h */ = {isa = PBXFileReference; fileEncoding = 4; lastKnownFileType = sourcecode.c.h; path = PPEGridCell.h; sourceTree = "<group>"; };
		113351531D9704C8008DA783 /* PPEGridCell.m */ = {isa = PBXFileReference; fileEncoding = 4; lastKnownFileType = sourcecode.c.objc; path = PPEGridCell.m; sourceTree = "<group>"; };
		113351551D9704C8008DA783 /* PPEGridHeaderCell.h */ = {isa = PBXFileReference; fileEncoding = 4; lastKnownFileType = sourcecode.c.h; path = PPEGridHeaderCell.h; sourceTree = "<group>"; };
		113351561D9704C8008DA783 /* PPEGridHeaderCell.m */ = {isa = PBXFileReference; fileEncoding = 4; lastKnownFileType = sourcecode.c.objc; path = PPEGridHeaderCell.m; sourceTree = "<group>"; };
		113351571D9704C8008DA783 /* PPEGridHeaderCell.xib */ = {isa = PBXFileReference; fileEncoding = 4; lastKnownFileType = file.xib; path = PPEGridHeaderCell.xib; sourceTree = "<group>"; };
		113351591D9704C8008DA783 /* PPEGridTextFieldCell.h */ = {isa = PBXFileReference; fileEncoding = 4; lastKnownFileType = sourcecode.c.h; path = PPEGridTextFieldCell.h; sourceTree = "<group>"; };
		1133515A1D9704C8008DA783 /* PPEGridTextFieldCell.mm */ = {isa = PBXFileReference; fileEncoding = 4; lastKnownFileType = sourcecode.cpp.objcpp; path = PPEGridTextFieldCell.mm; sourceTree = "<group>"; };
		1133515B1D9704C8008DA783 /* PPEGridTextFieldCell.xib */ = {isa = PBXFileReference; fileEncoding = 4; lastKnownFileType = file.xib; path = PPEGridTextFieldCell.xib; sourceTree = "<group>"; };
		113351611D970965008DA783 /* NSObject+Utilities.h */ = {isa = PBXFileReference; fileEncoding = 4; lastKnownFileType = sourcecode.c.h; path = "NSObject+Utilities.h"; sourceTree = "<group>"; };
		113351621D970965008DA783 /* NSObject+Utilities.m */ = {isa = PBXFileReference; fileEncoding = 4; lastKnownFileType = sourcecode.c.objc; path = "NSObject+Utilities.m"; sourceTree = "<group>"; };
		113351651D970BA9008DA783 /* PPEGridSwitchCell.h */ = {isa = PBXFileReference; fileEncoding = 4; lastKnownFileType = sourcecode.c.h; path = PPEGridSwitchCell.h; sourceTree = "<group>"; };
		113351661D970BA9008DA783 /* PPEGridSwitchCell.m */ = {isa = PBXFileReference; fileEncoding = 4; lastKnownFileType = sourcecode.c.objc; path = PPEGridSwitchCell.m; sourceTree = "<group>"; };
		113351681D970BBB008DA783 /* PPEGridSwitchCell.xib */ = {isa = PBXFileReference; fileEncoding = 4; lastKnownFileType = file.xib; path = PPEGridSwitchCell.xib; sourceTree = "<group>"; };
		1133516A1D9711D8008DA783 /* NSString+Utilities.h */ = {isa = PBXFileReference; fileEncoding = 4; lastKnownFileType = sourcecode.c.h; path = "NSString+Utilities.h"; sourceTree = "<group>"; };
		1133516B1D9711D8008DA783 /* NSString+Utilities.m */ = {isa = PBXFileReference; fileEncoding = 4; lastKnownFileType = sourcecode.c.objc; path = "NSString+Utilities.m"; sourceTree = "<group>"; };
		1133516E1D971606008DA783 /* PPEGridHeader.h */ = {isa = PBXFileReference; fileEncoding = 4; lastKnownFileType = sourcecode.c.h; path = PPEGridHeader.h; sourceTree = "<group>"; };
		1133516F1D971606008DA783 /* PPEGridHeader.m */ = {isa = PBXFileReference; fileEncoding = 4; lastKnownFileType = sourcecode.c.objc; path = PPEGridHeader.m; sourceTree = "<group>"; };
		113351701D971606008DA783 /* PPEGridHeader.xib */ = {isa = PBXFileReference; fileEncoding = 4; lastKnownFileType = file.xib; path = PPEGridHeader.xib; sourceTree = "<group>"; };
		113351721D971606008DA783 /* PPEGridRow.h */ = {isa = PBXFileReference; fileEncoding = 4; lastKnownFileType = sourcecode.c.h; path = PPEGridRow.h; sourceTree = "<group>"; };
		113351731D971606008DA783 /* PPEGridRow.mm */ = {isa = PBXFileReference; fileEncoding = 4; lastKnownFileType = sourcecode.cpp.objcpp; path = PPEGridRow.mm; sourceTree = "<group>"; };
		113351741D971606008DA783 /* PPEGridRow.xib */ = {isa = PBXFileReference; fileEncoding = 4; lastKnownFileType = file.xib; path = PPEGridRow.xib; sourceTree = "<group>"; };
		113351791D971B14008DA783 /* PPEEditableGrid.h */ = {isa = PBXFileReference; fileEncoding = 4; lastKnownFileType = sourcecode.c.h; path = PPEEditableGrid.h; sourceTree = "<group>"; };
		1133517A1D971B14008DA783 /* PPEEditableGrid.m */ = {isa = PBXFileReference; fileEncoding = 4; lastKnownFileType = sourcecode.c.objc; path = PPEEditableGrid.m; sourceTree = "<group>"; };
		1133517B1D971B14008DA783 /* PPEEditableGrid.xib */ = {isa = PBXFileReference; fileEncoding = 4; lastKnownFileType = file.xib; path = PPEEditableGrid.xib; sourceTree = "<group>"; };
		11C225021D95C66200F5C392 /* EditableGrid.app */ = {isa = PBXFileReference; explicitFileType = wrapper.application; includeInIndex = 0; path = EditableGrid.app; sourceTree = BUILT_PRODUCTS_DIR; };
		11C225061D95C66200F5C392 /* main.m */ = {isa = PBXFileReference; lastKnownFileType = sourcecode.c.objc; path = main.m; sourceTree = "<group>"; };
		11C225081D95C66200F5C392 /* PPEAppDelegate.h */ = {isa = PBXFileReference; lastKnownFileType = sourcecode.c.h; path = PPEAppDelegate.h; sourceTree = "<group>"; };
		11C225091D95C66200F5C392 /* PPEAppDelegate.m */ = {isa = PBXFileReference; lastKnownFileType = sourcecode.c.objc; path = PPEAppDelegate.m; sourceTree = "<group>"; };
		11C2250B1D95C66200F5C392 /* PPEViewController.h */ = {isa = PBXFileReference; lastKnownFileType = sourcecode.c.h; path = PPEViewController.h; sourceTree = "<group>"; };
		11C2250C1D95C66200F5C392 /* PPEViewController.m */ = {isa = PBXFileReference; lastKnownFileType = sourcecode.c.objc; path = PPEViewController.m; sourceTree = "<group>"; };
		11C2250F1D95C66200F5C392 /* Base */ = {isa = PBXFileReference; lastKnownFileType = file.storyboard; name = Base; path = Base.lproj/Main.storyboard; sourceTree = "<group>"; };
		11C225111D95C66200F5C392 /* Assets.xcassets */ = {isa = PBXFileReference; lastKnownFileType = folder.assetcatalog; path = Assets.xcassets; sourceTree = "<group>"; };
		11C225141D95C66200F5C392 /* Base */ = {isa = PBXFileReference; lastKnownFileType = file.storyboard; name = Base; path = Base.lproj/LaunchScreen.storyboard; sourceTree = "<group>"; };
		11C225161D95C66200F5C392 /* Info.plist */ = {isa = PBXFileReference; lastKnownFileType = text.plist.xml; path = Info.plist; sourceTree = "<group>"; };
		11C2251F1D95CE4B00F5C392 /* PPECollectionViewCell.h */ = {isa = PBXFileReference; fileEncoding = 4; lastKnownFileType = sourcecode.c.h; path = PPECollectionViewCell.h; sourceTree = "<group>"; };
		11C225201D95CE4B00F5C392 /* PPECollectionViewCell.m */ = {isa = PBXFileReference; fileEncoding = 4; lastKnownFileType = sourcecode.c.objc; path = PPECollectionViewCell.m; sourceTree = "<group>"; };
		11C225221D95CE4B00F5C392 /* PPETableViewCell.h */ = {isa = PBXFileReference; fileEncoding = 4; lastKnownFileType = sourcecode.c.h; path = PPETableViewCell.h; sourceTree = "<group>"; };
		11C225231D95CE4B00F5C392 /* PPETableViewCell.m */ = {isa = PBXFileReference; fileEncoding = 4; lastKnownFileType = sourcecode.c.objc; path = PPETableViewCell.m; sourceTree = "<group>"; };
		11C225251D95CE4B00F5C392 /* PPETableViewHeaderFooterView.h */ = {isa = PBXFileReference; fileEncoding = 4; lastKnownFileType = sourcecode.c.h; path = PPETableViewHeaderFooterView.h; sourceTree = "<group>"; };
		11C225261D95CE4B00F5C392 /* PPETableViewHeaderFooterView.m */ = {isa = PBXFileReference; fileEncoding = 4; lastKnownFileType = sourcecode.c.objc; path = PPETableViewHeaderFooterView.m; sourceTree = "<group>"; };
		11C2252C1D95CFFA00F5C392 /* NSObject+NibLoading.h */ = {isa = PBXFileReference; fileEncoding = 4; lastKnownFileType = sourcecode.c.h; path = "NSObject+NibLoading.h"; sourceTree = "<group>"; };
		11C2252D1D95CFFA00F5C392 /* NSObject+NibLoading.m */ = {isa = PBXFileReference; fileEncoding = 4; lastKnownFileType = sourcecode.c.objc; path = "NSObject+NibLoading.m"; sourceTree = "<group>"; };
		11C2252E1D95CFFA00F5C392 /* NSObject+Properties.h */ = {isa = PBXFileReference; fileEncoding = 4; lastKnownFileType = sourcecode.c.h; path = "NSObject+Properties.h"; sourceTree = "<group>"; };
		11C2252F1D95CFFA00F5C392 /* NSObject+Properties.m */ = {isa = PBXFileReference; fileEncoding = 4; lastKnownFileType = sourcecode.c.objc; path = "NSObject+Properties.m"; sourceTree = "<group>"; };
		11C225311D95CFFA00F5C392 /* NSString+Validation.h */ = {isa = PBXFileReference; fileEncoding = 4; lastKnownFileType = sourcecode.c.h; path = "NSString+Validation.h"; sourceTree = "<group>"; };
		11C225321D95CFFA00F5C392 /* NSString+Validation.m */ = {isa = PBXFileReference; fileEncoding = 4; lastKnownFileType = sourcecode.c.objc; path = "NSString+Validation.m"; sourceTree = "<group>"; };
		11C225341D95CFFA00F5C392 /* UIView+Frames.h */ = {isa = PBXFileReference; fileEncoding = 4; lastKnownFileType = sourcecode.c.h; path = "UIView+Frames.h"; sourceTree = "<group>"; };
		11C225351D95CFFA00F5C392 /* UIView+Frames.m */ = {isa = PBXFileReference; fileEncoding = 4; lastKnownFileType = sourcecode.c.objc; path = "UIView+Frames.m"; sourceTree = "<group>"; };
		11C2253B1D95D22800F5C392 /* PPEGridColumnModel.h */ = {isa = PBXFileReference; fileEncoding = 4; lastKnownFileType = sourcecode.c.h; path = PPEGridColumnModel.h; sourceTree = "<group>"; };
		11C2253C1D95D22800F5C392 /* PPEGridColumnModel.m */ = {isa = PBXFileReference; fileEncoding = 4; lastKnownFileType = sourcecode.c.objc; path = PPEGridColumnModel.m; sourceTree = "<group>"; };
		11C225411D95D9DA00F5C392 /* columns.json */ = {isa = PBXFileReference; fileEncoding = 4; lastKnownFileType = text.json; path = columns.json; sourceTree = "<group>"; };
		11C225431D95DC3C00F5C392 /* PPEDataObject.h */ = {isa = PBXFileReference; fileEncoding = 4; lastKnownFileType = sourcecode.c.h; path = PPEDataObject.h; sourceTree = "<group>"; };
		11C225441D95DC3C00F5C392 /* PPEDataObject.m */ = {isa = PBXFileReference; fileEncoding = 4; lastKnownFileType = sourcecode.c.objc; path = PPEDataObject.m; sourceTree = "<group>"; };
/* End PBXFileReference section */

/* Begin PBXFrameworksBuildPhase section */
		11C224FF1D95C66200F5C392 /* Frameworks */ = {
			isa = PBXFrameworksBuildPhase;
			buildActionMask = 2147483647;
			files = (
			);
			runOnlyForDeploymentPostprocessing = 0;
		};
/* End PBXFrameworksBuildPhase section */

/* Begin PBXGroup section */
		113351511D9704C8008DA783 /* PPEGridCell */ = {
			isa = PBXGroup;
			children = (
				113351521D9704C8008DA783 /* PPEGridCell.h */,
				113351531D9704C8008DA783 /* PPEGridCell.m */,
				113351541D9704C8008DA783 /* PPEGridHeaderCell */,
				113351581D9704C8008DA783 /* PPEGridTextFieldCell */,
				113351641D970B87008DA783 /* PPEGridSwitchCell */,
			);
			name = PPEGridCell;
			path = EditableGrid/PPEEditableGrid/PPEGridCell;
			sourceTree = SOURCE_ROOT;
		};
		113351541D9704C8008DA783 /* PPEGridHeaderCell */ = {
			isa = PBXGroup;
			children = (
				113351551D9704C8008DA783 /* PPEGridHeaderCell.h */,
				113351561D9704C8008DA783 /* PPEGridHeaderCell.m */,
				113351571D9704C8008DA783 /* PPEGridHeaderCell.xib */,
			);
			path = PPEGridHeaderCell;
			sourceTree = "<group>";
		};
		113351581D9704C8008DA783 /* PPEGridTextFieldCell */ = {
			isa = PBXGroup;
			children = (
				113351591D9704C8008DA783 /* PPEGridTextFieldCell.h */,
				1133515A1D9704C8008DA783 /* PPEGridTextFieldCell.mm */,
				1133515B1D9704C8008DA783 /* PPEGridTextFieldCell.xib */,
			);
			path = PPEGridTextFieldCell;
			sourceTree = "<group>";
		};
		113351641D970B87008DA783 /* PPEGridSwitchCell */ = {
			isa = PBXGroup;
			children = (
				113351651D970BA9008DA783 /* PPEGridSwitchCell.h */,
				113351661D970BA9008DA783 /* PPEGridSwitchCell.m */,
				113351681D970BBB008DA783 /* PPEGridSwitchCell.xib */,
			);
			path = PPEGridSwitchCell;
			sourceTree = "<group>";
		};
		1133516D1D971606008DA783 /* PPEGridHeader */ = {
			isa = PBXGroup;
			children = (
				1133516E1D971606008DA783 /* PPEGridHeader.h */,
				1133516F1D971606008DA783 /* PPEGridHeader.m */,
				113351701D971606008DA783 /* PPEGridHeader.xib */,
			);
			path = PPEGridHeader;
			sourceTree = "<group>";
		};
		113351711D971606008DA783 /* PPEGridRow */ = {
			isa = PBXGroup;
			children = (
				113351721D971606008DA783 /* PPEGridRow.h */,
				113351731D971606008DA783 /* PPEGridRow.mm */,
				113351741D971606008DA783 /* PPEGridRow.xib */,
			);
			path = PPEGridRow;
			sourceTree = "<group>";
		};
		11C224F91D95C66200F5C392 = {
			isa = PBXGroup;
			children = (
				11C225041D95C66200F5C392 /* EditableGrid */,
				11C225031D95C66200F5C392 /* Products */,
			);
			sourceTree = "<group>";
		};
		11C225031D95C66200F5C392 /* Products */ = {
			isa = PBXGroup;
			children = (
				11C225021D95C66200F5C392 /* EditableGrid.app */,
			);
			name = Products;
			sourceTree = "<group>";
		};
		11C225041D95C66200F5C392 /* EditableGrid */ = {
			isa = PBXGroup;
			children = (
				11C2251C1D95C7FA00F5C392 /* PPEEditableGrid */,
				11C225081D95C66200F5C392 /* PPEAppDelegate.h */,
				11C225091D95C66200F5C392 /* PPEAppDelegate.m */,
				11C2250B1D95C66200F5C392 /* PPEViewController.h */,
				11C2250C1D95C66200F5C392 /* PPEViewController.m */,
				11C225401D95D9DA00F5C392 /* TestData */,
				11C2250E1D95C66200F5C392 /* Main.storyboard */,
				11C225111D95C66200F5C392 /* Assets.xcassets */,
				11C225131D95C66200F5C392 /* LaunchScreen.storyboard */,
				11C225161D95C66200F5C392 /* Info.plist */,
				11C225051D95C66200F5C392 /* Supporting Files */,
			);
			path = EditableGrid;
			sourceTree = "<group>";
		};
		11C225051D95C66200F5C392 /* Supporting Files */ = {
			isa = PBXGroup;
			children = (
				11C225061D95C66200F5C392 /* main.m */,
			);
			name = "Supporting Files";
			sourceTree = "<group>";
		};
		11C2251C1D95C7FA00F5C392 /* PPEEditableGrid */ = {
			isa = PBXGroup;
			children = (
				11C2252A1D95CFFA00F5C392 /* Categories */,
				11C2251D1D95CE4B00F5C392 /* Common */,
				11C2253A1D95D22800F5C392 /* Model */,
				113351511D9704C8008DA783 /* PPEGridCell */,
				1133516D1D971606008DA783 /* PPEGridHeader */,
				113351711D971606008DA783 /* PPEGridRow */,
				113351791D971B14008DA783 /* PPEEditableGrid.h */,
				1133517A1D971B14008DA783 /* PPEEditableGrid.m */,
				1133517B1D971B14008DA783 /* PPEEditableGrid.xib */,
			);
			path = PPEEditableGrid;
			sourceTree = "<group>";
		};
		11C2251D1D95CE4B00F5C392 /* Common */ = {
			isa = PBXGroup;
			children = (
				11C2251E1D95CE4B00F5C392 /* PPECollectionViewCell */,
				11C225211D95CE4B00F5C392 /* PPETableViewCell */,
				11C225241D95CE4B00F5C392 /* PPETableViewHeaderFooterView */,
			);
			path = Common;
			sourceTree = "<group>";
		};
		11C2251E1D95CE4B00F5C392 /* PPECollectionViewCell */ = {
			isa = PBXGroup;
			children = (
				11C2251F1D95CE4B00F5C392 /* PPECollectionViewCell.h */,
				11C225201D95CE4B00F5C392 /* PPECollectionViewCell.m */,
			);
			path = PPECollectionViewCell;
			sourceTree = "<group>";
		};
		11C225211D95CE4B00F5C392 /* PPETableViewCell */ = {
			isa = PBXGroup;
			children = (
				11C225221D95CE4B00F5C392 /* PPETableViewCell.h */,
				11C225231D95CE4B00F5C392 /* PPETableViewCell.m */,
			);
			path = PPETableViewCell;
			sourceTree = "<group>";
		};
		11C225241D95CE4B00F5C392 /* PPETableViewHeaderFooterView */ = {
			isa = PBXGroup;
			children = (
				11C225251D95CE4B00F5C392 /* PPETableViewHeaderFooterView.h */,
				11C225261D95CE4B00F5C392 /* PPETableViewHeaderFooterView.m */,
			);
			path = PPETableViewHeaderFooterView;
			sourceTree = "<group>";
		};
		11C2252A1D95CFFA00F5C392 /* Categories */ = {
			isa = PBXGroup;
			children = (
				11C2252B1D95CFFA00F5C392 /* NSObject */,
				11C225301D95CFFA00F5C392 /* NSString */,
				11C225331D95CFFA00F5C392 /* UIView */,
			);
			path = Categories;
			sourceTree = "<group>";
		};
		11C2252B1D95CFFA00F5C392 /* NSObject */ = {
			isa = PBXGroup;
			children = (
				113351611D970965008DA783 /* NSObject+Utilities.h */,
				113351621D970965008DA783 /* NSObject+Utilities.m */,
				11C2252C1D95CFFA00F5C392 /* NSObject+NibLoading.h */,
				11C2252D1D95CFFA00F5C392 /* NSObject+NibLoading.m */,
				11C2252E1D95CFFA00F5C392 /* NSObject+Properties.h */,
				11C2252F1D95CFFA00F5C392 /* NSObject+Properties.m */,
			);
			path = NSObject;
			sourceTree = "<group>";
		};
		11C225301D95CFFA00F5C392 /* NSString */ = {
			isa = PBXGroup;
			children = (
				11C225311D95CFFA00F5C392 /* NSString+Validation.h */,
				11C225321D95CFFA00F5C392 /* NSString+Validation.m */,
				1133516A1D9711D8008DA783 /* NSString+Utilities.h */,
				1133516B1D9711D8008DA783 /* NSString+Utilities.m */,
			);
			path = NSString;
			sourceTree = "<group>";
		};
		11C225331D95CFFA00F5C392 /* UIView */ = {
			isa = PBXGroup;
			children = (
				11C225341D95CFFA00F5C392 /* UIView+Frames.h */,
				11C225351D95CFFA00F5C392 /* UIView+Frames.m */,
			);
			path = UIView;
			sourceTree = "<group>";
		};
		11C2253A1D95D22800F5C392 /* Model */ = {
			isa = PBXGroup;
			children = (
				11C2253B1D95D22800F5C392 /* PPEGridColumnModel.h */,
				11C2253C1D95D22800F5C392 /* PPEGridColumnModel.m */,
			);
			path = Model;
			sourceTree = "<group>";
		};
		11C225401D95D9DA00F5C392 /* TestData */ = {
			isa = PBXGroup;
			children = (
				11C225411D95D9DA00F5C392 /* columns.json */,
				11C225431D95DC3C00F5C392 /* PPEDataObject.h */,
				11C225441D95DC3C00F5C392 /* PPEDataObject.m */,
			);
			path = TestData;
			sourceTree = "<group>";
		};
/* End PBXGroup section */

/* Begin PBXNativeTarget section */
		11C225011D95C66200F5C392 /* EditableGrid */ = {
			isa = PBXNativeTarget;
			buildConfigurationList = 11C225191D95C66200F5C392 /* Build configuration list for PBXNativeTarget "EditableGrid" */;
			buildPhases = (
				11C224FE1D95C66200F5C392 /* Sources */,
				11C224FF1D95C66200F5C392 /* Frameworks */,
				11C225001D95C66200F5C392 /* Resources */,
			);
			buildRules = (
			);
			dependencies = (
			);
			name = EditableGrid;
			productName = EditableGrid;
			productReference = 11C225021D95C66200F5C392 /* EditableGrid.app */;
			productType = "com.apple.product-type.application";
		};
/* End PBXNativeTarget section */

/* Begin PBXProject section */
		11C224FA1D95C66200F5C392 /* Project object */ = {
			isa = PBXProject;
			attributes = {
				CLASSPREFIX = PPE;
				LastUpgradeCheck = 0800;
				ORGANIZATIONNAME = "Alexander Snegursky";
				TargetAttributes = {
					11C225011D95C66200F5C392 = {
						CreatedOnToolsVersion = 8.0;
						ProvisioningStyle = Automatic;
					};
				};
			};
			buildConfigurationList = 11C224FD1D95C66200F5C392 /* Build configuration list for PBXProject "EditableGrid" */;
			compatibilityVersion = "Xcode 3.2";
			developmentRegion = English;
			hasScannedForEncodings = 0;
			knownRegions = (
				en,
				Base,
			);
			mainGroup = 11C224F91D95C66200F5C392;
			productRefGroup = 11C225031D95C66200F5C392 /* Products */;
			projectDirPath = "";
			projectRoot = "";
			targets = (
				11C225011D95C66200F5C392 /* EditableGrid */,
			);
		};
/* End PBXProject section */

/* Begin PBXResourcesBuildPhase section */
		11C225001D95C66200F5C392 /* Resources */ = {
			isa = PBXResourcesBuildPhase;
			buildActionMask = 2147483647;
			files = (
				113351781D971606008DA783 /* PPEGridRow.xib in Resources */,
				1133515E1D9704C8008DA783 /* PPEGridHeaderCell.xib in Resources */,
				11C225151D95C66200F5C392 /* LaunchScreen.storyboard in Resources */,
				11C225121D95C66200F5C392 /* Assets.xcassets in Resources */,
				11C225421D95D9DA00F5C392 /* columns.json in Resources */,
				1133517D1D971B14008DA783 /* PPEEditableGrid.xib in Resources */,
				11C225101D95C66200F5C392 /* Main.storyboard in Resources */,
				113351691D970BBB008DA783 /* PPEGridSwitchCell.xib in Resources */,
				113351761D971606008DA783 /* PPEGridHeader.xib in Resources */,
				113351601D9704C8008DA783 /* PPEGridTextFieldCell.xib in Resources */,
			);
			runOnlyForDeploymentPostprocessing = 0;
		};
/* End PBXResourcesBuildPhase section */

/* Begin PBXSourcesBuildPhase section */
		11C224FE1D95C66200F5C392 /* Sources */ = {
			isa = PBXSourcesBuildPhase;
			buildActionMask = 2147483647;
			files = (
				1133515D1D9704C8008DA783 /* PPEGridHeaderCell.m in Sources */,
				1133515F1D9704C8008DA783 /* PPEGridTextFieldCell.mm in Sources */,
				1133516C1D9711D8008DA783 /* NSString+Utilities.m in Sources */,
				11C225451D95DC3C00F5C392 /* PPEDataObject.m in Sources */,
				11C225371D95CFFA00F5C392 /* NSObject+Properties.m in Sources */,
				11C225361D95CFFA00F5C392 /* NSObject+NibLoading.m in Sources */,
				11C2250D1D95C66200F5C392 /* PPEViewController.m in Sources */,
				11C2253D1D95D22800F5C392 /* PPEGridColumnModel.m in Sources */,
				11C225381D95CFFA00F5C392 /* NSString+Validation.m in Sources */,
				11C2250A1D95C66200F5C392 /* PPEAppDelegate.m in Sources */,
				113351671D970BA9008DA783 /* PPEGridSwitchCell.m in Sources */,
				11C225291D95CE4B00F5C392 /* PPETableViewHeaderFooterView.m in Sources */,
				11C225391D95CFFA00F5C392 /* UIView+Frames.m in Sources */,
				113351751D971606008DA783 /* PPEGridHeader.m in Sources */,
				11C225271D95CE4B00F5C392 /* PPECollectionViewCell.m in Sources */,
				1133515C1D9704C8008DA783 /* PPEGridCell.m in Sources */,
				113351771D971606008DA783 /* PPEGridRow.mm in Sources */,
				11C225071D95C66200F5C392 /* main.m in Sources */,
				113351631D970965008DA783 /* NSObject+Utilities.m in Sources */,
				1133517C1D971B14008DA783 /* PPEEditableGrid.m in Sources */,
				11C225281D95CE4B00F5C392 /* PPETableViewCell.m in Sources */,
			);
			runOnlyForDeploymentPostprocessing = 0;
		};
/* End PBXSourcesBuildPhase section */

/* Begin PBXVariantGroup section */
		11C2250E1D95C66200F5C392 /* Main.storyboard */ = {
			isa = PBXVariantGroup;
			children = (
				11C2250F1D95C66200F5C392 /* Base */,
			);
			name = Main.storyboard;
			sourceTree = "<group>";
		};
		11C225131D95C66200F5C392 /* LaunchScreen.storyboard */ = {
			isa = PBXVariantGroup;
			children = (
				11C225141D95C66200F5C392 /* Base */,
			);
			name = LaunchScreen.storyboard;
			sourceTree = "<group>";
		};
/* End PBXVariantGroup section */

/* Begin XCBuildConfiguration section */
		11C225171D95C66200F5C392 /* Debug */ = {
			isa = XCBuildConfiguration;
			buildSettings = {
				ALWAYS_SEARCH_USER_PATHS = NO;
				CLANG_ANALYZER_NONNULL = YES;
				CLANG_CXX_LANGUAGE_STANDARD = "gnu++0x";
				CLANG_CXX_LIBRARY = "libc++";
				CLANG_ENABLE_MODULES = YES;
				CLANG_ENABLE_OBJC_ARC = YES;
				CLANG_WARN_BOOL_CONVERSION = YES;
				CLANG_WARN_CONSTANT_CONVERSION = YES;
				CLANG_WARN_DIRECT_OBJC_ISA_USAGE = YES_ERROR;
				CLANG_WARN_DOCUMENTATION_COMMENTS = YES;
				CLANG_WARN_EMPTY_BODY = YES;
				CLANG_WARN_ENUM_CONVERSION = YES;
				CLANG_WARN_INFINITE_RECURSION = YES;
				CLANG_WARN_INT_CONVERSION = YES;
				CLANG_WARN_OBJC_ROOT_CLASS = YES_ERROR;
				CLANG_WARN_SUSPICIOUS_MOVES = YES;
				CLANG_WARN_UNREACHABLE_CODE = YES;
				CLANG_WARN__DUPLICATE_METHOD_MATCH = YES;
				"CODE_SIGN_IDENTITY[sdk=iphoneos*]" = "iPhone Developer";
				COPY_PHASE_STRIP = NO;
				DEBUG_INFORMATION_FORMAT = dwarf;
				ENABLE_STRICT_OBJC_MSGSEND = YES;
				ENABLE_TESTABILITY = YES;
				GCC_C_LANGUAGE_STANDARD = gnu99;
				GCC_DYNAMIC_NO_PIC = NO;
				GCC_NO_COMMON_BLOCKS = YES;
				GCC_OPTIMIZATION_LEVEL = 0;
				GCC_PREPROCESSOR_DEFINITIONS = (
					"DEBUG=1",
					"$(inherited)",
				);
				GCC_WARN_64_TO_32_BIT_CONVERSION = YES;
				GCC_WARN_ABOUT_RETURN_TYPE = YES_ERROR;
				GCC_WARN_UNDECLARED_SELECTOR = YES;
				GCC_WARN_UNINITIALIZED_AUTOS = YES_AGGRESSIVE;
				GCC_WARN_UNUSED_FUNCTION = YES;
				GCC_WARN_UNUSED_VARIABLE = YES;
				IPHONEOS_DEPLOYMENT_TARGET = 10.0;
				MTL_ENABLE_DEBUG_INFO = YES;
				ONLY_ACTIVE_ARCH = YES;
				SDKROOT = iphoneos;
				TARGETED_DEVICE_FAMILY = 2;
			};
			name = Debug;
		};
		11C225181D95C66200F5C392 /* Release */ = {
			isa = XCBuildConfiguration;
			buildSettings = {
				ALWAYS_SEARCH_USER_PATHS = NO;
				CLANG_ANALYZER_NONNULL = YES;
				CLANG_CXX_LANGUAGE_STANDARD = "gnu++0x";
				CLANG_CXX_LIBRARY = "libc++";
				CLANG_ENABLE_MODULES = YES;
				CLANG_ENABLE_OBJC_ARC = YES;
				CLANG_WARN_BOOL_CONVERSION = YES;
				CLANG_WARN_CONSTANT_CONVERSION = YES;
				CLANG_WARN_DIRECT_OBJC_ISA_USAGE = YES_ERROR;
				CLANG_WARN_DOCUMENTATION_COMMENTS = YES;
				CLANG_WARN_EMPTY_BODY = YES;
				CLANG_WARN_ENUM_CONVERSION = YES;
				CLANG_WARN_INFINITE_RECURSION = YES;
				CLANG_WARN_INT_CONVERSION = YES;
				CLANG_WARN_OBJC_ROOT_CLASS = YES_ERROR;
				CLANG_WARN_SUSPICIOUS_MOVES = YES;
				CLANG_WARN_UNREACHABLE_CODE = YES;
				CLANG_WARN__DUPLICATE_METHOD_MATCH = YES;
				"CODE_SIGN_IDENTITY[sdk=iphoneos*]" = "iPhone Developer";
				COPY_PHASE_STRIP = NO;
				DEBUG_INFORMATION_FORMAT = "dwarf-with-dsym";
				ENABLE_NS_ASSERTIONS = NO;
				ENABLE_STRICT_OBJC_MSGSEND = YES;
				GCC_C_LANGUAGE_STANDARD = gnu99;
				GCC_NO_COMMON_BLOCKS = YES;
				GCC_WARN_64_TO_32_BIT_CONVERSION = YES;
				GCC_WARN_ABOUT_RETURN_TYPE = YES_ERROR;
				GCC_WARN_UNDECLARED_SELECTOR = YES;
				GCC_WARN_UNINITIALIZED_AUTOS = YES_AGGRESSIVE;
				GCC_WARN_UNUSED_FUNCTION = YES;
				GCC_WARN_UNUSED_VARIABLE = YES;
				IPHONEOS_DEPLOYMENT_TARGET = 10.0;
				MTL_ENABLE_DEBUG_INFO = NO;
				SDKROOT = iphoneos;
				TARGETED_DEVICE_FAMILY = 2;
				VALIDATE_PRODUCT = YES;
			};
			name = Release;
		};
		11C2251A1D95C66200F5C392 /* Debug */ = {
			isa = XCBuildConfiguration;
			buildSettings = {
				ASSETCATALOG_COMPILER_APPICON_NAME = AppIcon;
				INFOPLIST_FILE = EditableGrid/Info.plist;
				LD_RUNPATH_SEARCH_PATHS = "$(inherited) @executable_path/Frameworks";
				PRODUCT_BUNDLE_IDENTIFIER = com.private.EditableGrid;
				PRODUCT_NAME = "$(TARGET_NAME)";
			};
			name = Debug;
		};
		11C2251B1D95C66200F5C392 /* Release */ = {
			isa = XCBuildConfiguration;
			buildSettings = {
				ASSETCATALOG_COMPILER_APPICON_NAME = AppIcon;
				INFOPLIST_FILE = EditableGrid/Info.plist;
				LD_RUNPATH_SEARCH_PATHS = "$(inherited) @executable_path/Frameworks";
				PRODUCT_BUNDLE_IDENTIFIER = com.private.EditableGrid;
				PRODUCT_NAME = "$(TARGET_NAME)";
			};
			name = Release;
		};
/* End XCBuildConfiguration section */

/* Begin XCConfigurationList section */
		11C224FD1D95C66200F5C392 /* Build configuration list for PBXProject "EditableGrid" */ = {
			isa = XCConfigurationList;
			buildConfigurations = (
				11C225171D95C66200F5C392 /* Debug */,
				11C225181D95C66200F5C392 /* Release */,
			);
			defaultConfigurationIsVisible = 0;
			defaultConfigurationName = Release;
		};
		11C225191D95C66200F5C392 /* Build configuration list for PBXNativeTarget "EditableGrid" */ = {
			isa = XCConfigurationList;
			buildConfigurations = (
				11C2251A1D95C66200F5C392 /* Debug */,
				11C2251B1D95C66200F5C392 /* Release */,
			);
			defaultConfigurationIsVisible = 0;
			defaultConfigurationName = Release;
		};
/* End XCConfigurationList section */
	};
	rootObject = 11C224FA1D95C66200F5C392 /* Project object */;
}
